
Microsoft Visual Studio Solution File, Format Version 12.00
# Visual Studio 15
VisualStudioVersion = 15.0.28307.902
MinimumVisualStudioVersion = 10.0.40219.1
Project("{FAE04EC0-301F-11D3-BF4B-00C04F79EFBC}") = "BlazorCurd.Server", "BlazorCurd.Server\BlazorCurd.Server.csproj", "{D0282DDE-4195-4277-A469-CEF9D0E83194}"
EndProject
Project("{FAE04EC0-301F-11D3-BF4B-00C04F79EFBC}") = "BlazorCurd.Client", "BlazorCurd.Client\BlazorCurd.Client.csproj", "{A621F393-0B80-4B63-A1E5-572A0DA9FFE1}"
EndProject
Project("{FAE04EC0-301F-11D3-BF4B-00C04F79EFBC}") = "BlazorCurd.Shared", "BlazorCurd.Shared\BlazorCurd.Shared.csproj", "{4CE37A09-817F-4200-B042-18EFA197891F}"
EndProject
Global
	GlobalSection(SolutionConfigurationPlatforms) = preSolution
		Debug|Any CPU = Debug|Any CPU
		Release|Any CPU = Release|Any CPU
	EndGlobalSection
	GlobalSection(ProjectConfigurationPlatforms) = postSolution
		{D0282DDE-4195-4277-A469-CEF9D0E83194}.Debug|Any CPU.ActiveCfg = Debug|Any CPU
		{D0282DDE-4195-4277-A469-CEF9D0E83194}.Debug|Any CPU.Build.0 = Debug|Any CPU
		{D0282DDE-4195-4277-A469-CEF9D0E83194}.Release|Any CPU.ActiveCfg = Release|Any CPU
		{D0282DDE-4195-4277-A469-CEF9D0E83194}.Release|Any CPU.Build.0 = Release|Any CPU
		{A621F393-0B80-4B63-A1E5-572A0DA9FFE1}.Debug|Any CPU.ActiveCfg = Debug|Any CPU
		{A621F393-0B80-4B63-A1E5-572A0DA9FFE1}.Debug|Any CPU.Build.0 = Debug|Any CPU
		{A621F393-0B80-4B63-A1E5-572A0DA9FFE1}.Release|Any CPU.ActiveCfg = Release|Any CPU
		{A621F393-0B80-4B63-A1E5-572A0DA9FFE1}.Release|Any CPU.Build.0 = Release|Any CPU
		{4CE37A09-817F-4200-B042-18EFA197891F}.Debug|Any CPU.ActiveCfg = Debug|Any CPU
		{4CE37A09-817F-4200-B042-18EFA197891F}.Debug|Any CPU.Build.0 = Debug|Any CPU
		{4CE37A09-817F-4200-B042-18EFA197891F}.Release|Any CPU.ActiveCfg = Release|Any CPU
		{4CE37A09-817F-4200-B042-18EFA197891F}.Release|Any CPU.Build.0 = Release|Any CPU
	EndGlobalSection
	GlobalSection(SolutionProperties) = preSolution
		HideSolutionNode = FALSE
	EndGlobalSection
	GlobalSection(ExtensibilityGlobals) = postSolution
		SolutionGuid = {AE4FFB06-DA8F-43F1-A2E6-3B4B615DB277}
	EndGlobalSection
EndGlobal
