
Microsoft Visual Studio Solution File, Format Version 12.00
# Visual Studio 15
VisualStudioVersion = 15.0.28307.852
MinimumVisualStudioVersion = 10.0.40219.1
Project("{FAE04EC0-301F-11D3-BF4B-00C04F79EFBC}") = "BlazorDemoRightOne.Server", "BlazorDemoRightOne.Server\BlazorDemoRightOne.Server.csproj", "{2D14D25E-7833-42A4-9B3B-31FA7EFE0B4B}"
EndProject
Project("{FAE04EC0-301F-11D3-BF4B-00C04F79EFBC}") = "BlazorDemoRightOne.Client", "BlazorDemoRightOne.Client\BlazorDemoRightOne.Client.csproj", "{DB47F23B-2C9D-4EF5-A93B-E2E81F202961}"
EndProject
Project("{FAE04EC0-301F-11D3-BF4B-00C04F79EFBC}") = "BlazorDemoRightOne.Shared", "BlazorDemoRightOne.Shared\BlazorDemoRightOne.Shared.csproj", "{771EBEDE-77AD-4AEF-9968-6633FE365418}"
EndProject
Global
	GlobalSection(SolutionConfigurationPlatforms) = preSolution
		Debug|Any CPU = Debug|Any CPU
		Release|Any CPU = Release|Any CPU
	EndGlobalSection
	GlobalSection(ProjectConfigurationPlatforms) = postSolution
		{2D14D25E-7833-42A4-9B3B-31FA7EFE0B4B}.Debug|Any CPU.ActiveCfg = Debug|Any CPU
		{2D14D25E-7833-42A4-9B3B-31FA7EFE0B4B}.Debug|Any CPU.Build.0 = Debug|Any CPU
		{2D14D25E-7833-42A4-9B3B-31FA7EFE0B4B}.Release|Any CPU.ActiveCfg = Release|Any CPU
		{2D14D25E-7833-42A4-9B3B-31FA7EFE0B4B}.Release|Any CPU.Build.0 = Release|Any CPU
		{DB47F23B-2C9D-4EF5-A93B-E2E81F202961}.Debug|Any CPU.ActiveCfg = Debug|Any CPU
		{DB47F23B-2C9D-4EF5-A93B-E2E81F202961}.Debug|Any CPU.Build.0 = Debug|Any CPU
		{DB47F23B-2C9D-4EF5-A93B-E2E81F202961}.Release|Any CPU.ActiveCfg = Release|Any CPU
		{DB47F23B-2C9D-4EF5-A93B-E2E81F202961}.Release|Any CPU.Build.0 = Release|Any CPU
		{771EBEDE-77AD-4AEF-9968-6633FE365418}.Debug|Any CPU.ActiveCfg = Debug|Any CPU
		{771EBEDE-77AD-4AEF-9968-6633FE365418}.Debug|Any CPU.Build.0 = Debug|Any CPU
		{771EBEDE-77AD-4AEF-9968-6633FE365418}.Release|Any CPU.ActiveCfg = Release|Any CPU
		{771EBEDE-77AD-4AEF-9968-6633FE365418}.Release|Any CPU.Build.0 = Release|Any CPU
	EndGlobalSection
	GlobalSection(SolutionProperties) = preSolution
		HideSolutionNode = FALSE
	EndGlobalSection
	GlobalSection(ExtensibilityGlobals) = postSolution
		SolutionGuid = {B961420B-4645-4511-875E-4BBEE7645245}
	EndGlobalSection
EndGlobal
